// !$*UTF8*$!
{
	archiveVersion = 1;
	classes = {
	};
	objectVersion = 55;
	objects = {

/* Begin PBXBuildFile section */
		3100445428DB63D700E6C3F9 /* HikeBadgeView.swift in Sources */ = {isa = PBXBuildFile; fileRef = 3100445328DB63D700E6C3F9 /* HikeBadgeView.swift */; };
		31029F1D289FAA620059EDFC /* LocalStorageService.swift in Sources */ = {isa = PBXBuildFile; fileRef = 31029F1C289FAA620059EDFC /* LocalStorageService.swift */; };
		31029F22289FAADA0059EDFC /* Landmark.swift in Sources */ = {isa = PBXBuildFile; fileRef = 31029F21289FAADA0059EDFC /* Landmark.swift */; };
		31029F27289FAB540059EDFC /* LandmarkListView.swift in Sources */ = {isa = PBXBuildFile; fileRef = 31029F26289FAB540059EDFC /* LandmarkListView.swift */; };
		31029F29289FAB5E0059EDFC /* LandmarkListViewModel.swift in Sources */ = {isa = PBXBuildFile; fileRef = 31029F28289FAB5E0059EDFC /* LandmarkListViewModel.swift */; };
		31029F2C289FAB7F0059EDFC /* ViewModel.swift in Sources */ = {isa = PBXBuildFile; fileRef = 31029F2B289FAB7F0059EDFC /* ViewModel.swift */; };
		31029F2E289FB0C50059EDFC /* LandmarkRow.swift in Sources */ = {isa = PBXBuildFile; fileRef = 31029F2D289FB0C50059EDFC /* LandmarkRow.swift */; };
		310AF96228D624EA00C1DDBE /* BadgeSymbol.swift in Sources */ = {isa = PBXBuildFile; fileRef = 310AF96128D624EA00C1DDBE /* BadgeSymbol.swift */; };
		310AF96428D6295B00C1DDBE /* RotatedBadgeSymbol.swift in Sources */ = {isa = PBXBuildFile; fileRef = 310AF96328D6295B00C1DDBE /* RotatedBadgeSymbol.swift */; };
		310AF96628D62A0000C1DDBE /* Badge.swift in Sources */ = {isa = PBXBuildFile; fileRef = 310AF96528D62A0000C1DDBE /* Badge.swift */; };
		310AF96828D749D100C1DDBE /* hikeData.json in Resources */ = {isa = PBXBuildFile; fileRef = 310AF96728D749D100C1DDBE /* hikeData.json */; };
		310AF96A28D74A7300C1DDBE /* Hike.swift in Sources */ = {isa = PBXBuildFile; fileRef = 310AF96928D74A7300C1DDBE /* Hike.swift */; };
		310AF97928D7525000C1DDBE /* GraphCapsule.swift in Sources */ = {isa = PBXBuildFile; fileRef = 310AF97528D7525000C1DDBE /* GraphCapsule.swift */; };
		310AF97A28D7525000C1DDBE /* HikeGraph.swift in Sources */ = {isa = PBXBuildFile; fileRef = 310AF97628D7525000C1DDBE /* HikeGraph.swift */; };
		310AF97B28D7525000C1DDBE /* HikeDetail.swift in Sources */ = {isa = PBXBuildFile; fileRef = 310AF97728D7525000C1DDBE /* HikeDetail.swift */; };
		310AF97C28D7525000C1DDBE /* HikeView.swift in Sources */ = {isa = PBXBuildFile; fileRef = 310AF97828D7525000C1DDBE /* HikeView.swift */; };
		3158D6C2289FB1850088CA78 /* landmarkData.json in Resources */ = {isa = PBXBuildFile; fileRef = 3158D6C1289FB1850088CA78 /* landmarkData.json */; };
		3158D6C5289FB1AF0088CA78 /* LandmarkDetailViewModel.swift in Sources */ = {isa = PBXBuildFile; fileRef = 3158D6C4289FB1AF0088CA78 /* LandmarkDetailViewModel.swift */; };
		3158D6C7289FB20D0088CA78 /* LandmarkDetailView.swift in Sources */ = {isa = PBXBuildFile; fileRef = 3158D6C6289FB20D0088CA78 /* LandmarkDetailView.swift */; };
		3158D6C9289FB65D0088CA78 /* FavoriteButton.swift in Sources */ = {isa = PBXBuildFile; fileRef = 3158D6C8289FB65D0088CA78 /* FavoriteButton.swift */; };
		31F1D32828BFAF2300751614 /* HexagonParameters.swift in Sources */ = {isa = PBXBuildFile; fileRef = 31F1D32728BFAF2300751614 /* HexagonParameters.swift */; };
		31F1D32B28BFB09600751614 /* BadgeBackground.swift in Sources */ = {isa = PBXBuildFile; fileRef = 31F1D32A28BFB09600751614 /* BadgeBackground.swift */; };
		31FAB98D28E083C000FD718E /* ProfileEditorView.swift in Sources */ = {isa = PBXBuildFile; fileRef = 31FAB98C28E083C000FD718E /* ProfileEditorView.swift */; };
		31FAB98F28E0965C00FD718E /* ProfileService.swift in Sources */ = {isa = PBXBuildFile; fileRef = 31FAB98E28E0965C00FD718E /* ProfileService.swift */; };
		31FAB99228E33DA400FD718E /* PageViewController.swift in Sources */ = {isa = PBXBuildFile; fileRef = 31FAB99128E33DA400FD718E /* PageViewController.swift */; };
		E0924AD92876A283007B8F2D /* LandmarksApp.swift in Sources */ = {isa = PBXBuildFile; fileRef = E0924AD82876A283007B8F2D /* LandmarksApp.swift */; };
		E0924ADD2876A285007B8F2D /* Assets.xcassets in Resources */ = {isa = PBXBuildFile; fileRef = E0924ADC2876A285007B8F2D /* Assets.xcassets */; };
		E0924AE02876A285007B8F2D /* Preview Assets.xcassets in Resources */ = {isa = PBXBuildFile; fileRef = E0924ADF2876A285007B8F2D /* Preview Assets.xcassets */; };
		E0924AE72876CA59007B8F2D /* CircleImage.swift in Sources */ = {isa = PBXBuildFile; fileRef = E0924AE62876CA59007B8F2D /* CircleImage.swift */; };
		E0924AE9287BDB7F007B8F2D /* MapView.swift in Sources */ = {isa = PBXBuildFile; fileRef = E0924AE8287BDB7F007B8F2D /* MapView.swift */; };
		E0924B0C287BFDA4007B8F2D /* LICENSE.txt in Resources */ = {isa = PBXBuildFile; fileRef = E0924B0B287BFDA4007B8F2D /* LICENSE.txt */; };
		E0924B0E287BFDB8007B8F2D /* README.md in Resources */ = {isa = PBXBuildFile; fileRef = E0924B0D287BFDB8007B8F2D /* README.md */; };
		E0AA3B1628D9990E006F7DA9 /* HikeViewModel.swift in Sources */ = {isa = PBXBuildFile; fileRef = E0AA3B1528D9990E006F7DA9 /* HikeViewModel.swift */; };
		E0AA3B1928D99B7D006F7DA9 /* AnyTransition.swift in Sources */ = {isa = PBXBuildFile; fileRef = E0AA3B1828D99B7D006F7DA9 /* AnyTransition.swift */; };
		E0AA3B1B28D99B9E006F7DA9 /* Animation.swift in Sources */ = {isa = PBXBuildFile; fileRef = E0AA3B1A28D99B9E006F7DA9 /* Animation.swift */; };
		E0AA3B1F28D9B234006F7DA9 /* CategoryHomeViewModel.swift in Sources */ = {isa = PBXBuildFile; fileRef = E0AA3B1E28D9B234006F7DA9 /* CategoryHomeViewModel.swift */; };
		E0AA3B2128D9B2A2006F7DA9 /* CategoryHomeView.swift in Sources */ = {isa = PBXBuildFile; fileRef = E0AA3B2028D9B2A2006F7DA9 /* CategoryHomeView.swift */; };
		E0AA3B2328DAA149006F7DA9 /* CategoryRow.swift in Sources */ = {isa = PBXBuildFile; fileRef = E0AA3B2228DAA149006F7DA9 /* CategoryRow.swift */; };
		E0AA3B2528DAA3A0006F7DA9 /* CategoryItem.swift in Sources */ = {isa = PBXBuildFile; fileRef = E0AA3B2428DAA3A0006F7DA9 /* CategoryItem.swift */; };
		E0AA3B2828DACB2B006F7DA9 /* MainTabViewModel.swift in Sources */ = {isa = PBXBuildFile; fileRef = E0AA3B2728DACB2B006F7DA9 /* MainTabViewModel.swift */; };
		E0AA3B2A28DACBAA006F7DA9 /* MainTabView.swift in Sources */ = {isa = PBXBuildFile; fileRef = E0AA3B2928DACBAA006F7DA9 /* MainTabView.swift */; };
		E0AA3B2C28DAE372006F7DA9 /* LandmarkDataService.swift in Sources */ = {isa = PBXBuildFile; fileRef = E0AA3B2B28DAE372006F7DA9 /* LandmarkDataService.swift */; };
		E0AA3B2E28DB02BC006F7DA9 /* Profile.swift in Sources */ = {isa = PBXBuildFile; fileRef = E0AA3B2D28DB02BC006F7DA9 /* Profile.swift */; };
		E0AA3B3128DB0667006F7DA9 /* ProfileHostViewModel.swift in Sources */ = {isa = PBXBuildFile; fileRef = E0AA3B3028DB0667006F7DA9 /* ProfileHostViewModel.swift */; };
		E0AA3B3328DB06AA006F7DA9 /* ProfileHostView.swift in Sources */ = {isa = PBXBuildFile; fileRef = E0AA3B3228DB06AA006F7DA9 /* ProfileHostView.swift */; };
		E0AA3B3528DB0897006F7DA9 /* ProfileSummaryView.swift in Sources */ = {isa = PBXBuildFile; fileRef = E0AA3B3428DB0897006F7DA9 /* ProfileSummaryView.swift */; };
/* End PBXBuildFile section */

/* Begin PBXFileReference section */
		3100445328DB63D700E6C3F9 /* HikeBadgeView.swift */ = {isa = PBXFileReference; lastKnownFileType = sourcecode.swift; path = HikeBadgeView.swift; sourceTree = "<group>"; };
		31029F1C289FAA620059EDFC /* LocalStorageService.swift */ = {isa = PBXFileReference; fileEncoding = 4; lastKnownFileType = sourcecode.swift; path = LocalStorageService.swift; sourceTree = "<group>"; };
		31029F21289FAADA0059EDFC /* Landmark.swift */ = {isa = PBXFileReference; fileEncoding = 4; lastKnownFileType = sourcecode.swift; path = Landmark.swift; sourceTree = "<group>"; };
		31029F26289FAB540059EDFC /* LandmarkListView.swift */ = {isa = PBXFileReference; lastKnownFileType = sourcecode.swift; path = LandmarkListView.swift; sourceTree = "<group>"; };
		31029F28289FAB5E0059EDFC /* LandmarkListViewModel.swift */ = {isa = PBXFileReference; lastKnownFileType = sourcecode.swift; path = LandmarkListViewModel.swift; sourceTree = "<group>"; };
		31029F2B289FAB7F0059EDFC /* ViewModel.swift */ = {isa = PBXFileReference; lastKnownFileType = sourcecode.swift; path = ViewModel.swift; sourceTree = "<group>"; };
		31029F2D289FB0C50059EDFC /* LandmarkRow.swift */ = {isa = PBXFileReference; lastKnownFileType = sourcecode.swift; path = LandmarkRow.swift; sourceTree = "<group>"; };
		310AF96128D624EA00C1DDBE /* BadgeSymbol.swift */ = {isa = PBXFileReference; lastKnownFileType = sourcecode.swift; path = BadgeSymbol.swift; sourceTree = "<group>"; };
		310AF96328D6295B00C1DDBE /* RotatedBadgeSymbol.swift */ = {isa = PBXFileReference; lastKnownFileType = sourcecode.swift; path = RotatedBadgeSymbol.swift; sourceTree = "<group>"; };
		310AF96528D62A0000C1DDBE /* Badge.swift */ = {isa = PBXFileReference; lastKnownFileType = sourcecode.swift; path = Badge.swift; sourceTree = "<group>"; };
		310AF96728D749D100C1DDBE /* hikeData.json */ = {isa = PBXFileReference; fileEncoding = 4; lastKnownFileType = text.json; path = hikeData.json; sourceTree = "<group>"; };
		310AF96928D74A7300C1DDBE /* Hike.swift */ = {isa = PBXFileReference; lastKnownFileType = sourcecode.swift; path = Hike.swift; sourceTree = "<group>"; };
		310AF97528D7525000C1DDBE /* GraphCapsule.swift */ = {isa = PBXFileReference; fileEncoding = 4; lastKnownFileType = sourcecode.swift; path = GraphCapsule.swift; sourceTree = "<group>"; };
		310AF97628D7525000C1DDBE /* HikeGraph.swift */ = {isa = PBXFileReference; fileEncoding = 4; lastKnownFileType = sourcecode.swift; path = HikeGraph.swift; sourceTree = "<group>"; };
		310AF97728D7525000C1DDBE /* HikeDetail.swift */ = {isa = PBXFileReference; fileEncoding = 4; lastKnownFileType = sourcecode.swift; path = HikeDetail.swift; sourceTree = "<group>"; };
		310AF97828D7525000C1DDBE /* HikeView.swift */ = {isa = PBXFileReference; fileEncoding = 4; lastKnownFileType = sourcecode.swift; path = HikeView.swift; sourceTree = "<group>"; };
		3158D6C1289FB1850088CA78 /* landmarkData.json */ = {isa = PBXFileReference; fileEncoding = 4; lastKnownFileType = text.json; path = landmarkData.json; sourceTree = "<group>"; };
		3158D6C4289FB1AF0088CA78 /* LandmarkDetailViewModel.swift */ = {isa = PBXFileReference; lastKnownFileType = sourcecode.swift; path = LandmarkDetailViewModel.swift; sourceTree = "<group>"; };
		3158D6C6289FB20D0088CA78 /* LandmarkDetailView.swift */ = {isa = PBXFileReference; lastKnownFileType = sourcecode.swift; path = LandmarkDetailView.swift; sourceTree = "<group>"; };
		3158D6C8289FB65D0088CA78 /* FavoriteButton.swift */ = {isa = PBXFileReference; lastKnownFileType = sourcecode.swift; path = FavoriteButton.swift; sourceTree = "<group>"; };
		31F1D32728BFAF2300751614 /* HexagonParameters.swift */ = {isa = PBXFileReference; lastKnownFileType = sourcecode.swift; path = HexagonParameters.swift; sourceTree = "<group>"; };
		31F1D32A28BFB09600751614 /* BadgeBackground.swift */ = {isa = PBXFileReference; lastKnownFileType = sourcecode.swift; path = BadgeBackground.swift; sourceTree = "<group>"; };
		31FAB98C28E083C000FD718E /* ProfileEditorView.swift */ = {isa = PBXFileReference; lastKnownFileType = sourcecode.swift; path = ProfileEditorView.swift; sourceTree = "<group>"; };
		31FAB98E28E0965C00FD718E /* ProfileService.swift */ = {isa = PBXFileReference; lastKnownFileType = sourcecode.swift; path = ProfileService.swift; sourceTree = "<group>"; };
		31FAB99128E33DA400FD718E /* PageViewController.swift */ = {isa = PBXFileReference; lastKnownFileType = sourcecode.swift; path = PageViewController.swift; sourceTree = "<group>"; };
		E0924AD52876A283007B8F2D /* Landmarks.app */ = {isa = PBXFileReference; explicitFileType = wrapper.application; includeInIndex = 0; path = Landmarks.app; sourceTree = BUILT_PRODUCTS_DIR; };
		E0924AD82876A283007B8F2D /* LandmarksApp.swift */ = {isa = PBXFileReference; lastKnownFileType = sourcecode.swift; path = LandmarksApp.swift; sourceTree = "<group>"; };
		E0924ADC2876A285007B8F2D /* Assets.xcassets */ = {isa = PBXFileReference; lastKnownFileType = folder.assetcatalog; path = Assets.xcassets; sourceTree = "<group>"; };
		E0924ADF2876A285007B8F2D /* Preview Assets.xcassets */ = {isa = PBXFileReference; lastKnownFileType = folder.assetcatalog; path = "Preview Assets.xcassets"; sourceTree = "<group>"; };
		E0924AE62876CA59007B8F2D /* CircleImage.swift */ = {isa = PBXFileReference; lastKnownFileType = sourcecode.swift; path = CircleImage.swift; sourceTree = "<group>"; };
		E0924AE8287BDB7F007B8F2D /* MapView.swift */ = {isa = PBXFileReference; lastKnownFileType = sourcecode.swift; path = MapView.swift; sourceTree = "<group>"; };
		E0924B0B287BFDA4007B8F2D /* LICENSE.txt */ = {isa = PBXFileReference; fileEncoding = 4; lastKnownFileType = text; path = LICENSE.txt; sourceTree = "<group>"; };
		E0924B0D287BFDB8007B8F2D /* README.md */ = {isa = PBXFileReference; fileEncoding = 4; lastKnownFileType = net.daringfireball.markdown; path = README.md; sourceTree = "<group>"; };
		E0AA3B1528D9990E006F7DA9 /* HikeViewModel.swift */ = {isa = PBXFileReference; lastKnownFileType = sourcecode.swift; path = HikeViewModel.swift; sourceTree = "<group>"; };
		E0AA3B1828D99B7D006F7DA9 /* AnyTransition.swift */ = {isa = PBXFileReference; lastKnownFileType = sourcecode.swift; path = AnyTransition.swift; sourceTree = "<group>"; };
		E0AA3B1A28D99B9E006F7DA9 /* Animation.swift */ = {isa = PBXFileReference; lastKnownFileType = sourcecode.swift; path = Animation.swift; sourceTree = "<group>"; };
		E0AA3B1E28D9B234006F7DA9 /* CategoryHomeViewModel.swift */ = {isa = PBXFileReference; lastKnownFileType = sourcecode.swift; path = CategoryHomeViewModel.swift; sourceTree = "<group>"; };
		E0AA3B2028D9B2A2006F7DA9 /* CategoryHomeView.swift */ = {isa = PBXFileReference; lastKnownFileType = sourcecode.swift; path = CategoryHomeView.swift; sourceTree = "<group>"; };
		E0AA3B2228DAA149006F7DA9 /* CategoryRow.swift */ = {isa = PBXFileReference; lastKnownFileType = sourcecode.swift; path = CategoryRow.swift; sourceTree = "<group>"; };
		E0AA3B2428DAA3A0006F7DA9 /* CategoryItem.swift */ = {isa = PBXFileReference; lastKnownFileType = sourcecode.swift; path = CategoryItem.swift; sourceTree = "<group>"; };
		E0AA3B2728DACB2B006F7DA9 /* MainTabViewModel.swift */ = {isa = PBXFileReference; lastKnownFileType = sourcecode.swift; path = MainTabViewModel.swift; sourceTree = "<group>"; };
		E0AA3B2928DACBAA006F7DA9 /* MainTabView.swift */ = {isa = PBXFileReference; lastKnownFileType = sourcecode.swift; path = MainTabView.swift; sourceTree = "<group>"; };
		E0AA3B2B28DAE372006F7DA9 /* LandmarkDataService.swift */ = {isa = PBXFileReference; lastKnownFileType = sourcecode.swift; path = LandmarkDataService.swift; sourceTree = "<group>"; };
		E0AA3B2D28DB02BC006F7DA9 /* Profile.swift */ = {isa = PBXFileReference; lastKnownFileType = sourcecode.swift; path = Profile.swift; sourceTree = "<group>"; };
		E0AA3B3028DB0667006F7DA9 /* ProfileHostViewModel.swift */ = {isa = PBXFileReference; lastKnownFileType = sourcecode.swift; path = ProfileHostViewModel.swift; sourceTree = "<group>"; };
		E0AA3B3228DB06AA006F7DA9 /* ProfileHostView.swift */ = {isa = PBXFileReference; lastKnownFileType = sourcecode.swift; path = ProfileHostView.swift; sourceTree = "<group>"; };
		E0AA3B3428DB0897006F7DA9 /* ProfileSummaryView.swift */ = {isa = PBXFileReference; lastKnownFileType = sourcecode.swift; path = ProfileSummaryView.swift; sourceTree = "<group>"; };
/* End PBXFileReference section */

/* Begin PBXFrameworksBuildPhase section */
		E0924AD22876A283007B8F2D /* Frameworks */ = {
			isa = PBXFrameworksBuildPhase;
			buildActionMask = 2147483647;
			files = (
			);
			runOnlyForDeploymentPostprocessing = 0;
		};
/* End PBXFrameworksBuildPhase section */

/* Begin PBXGroup section */
		31029F1B289FAA4E0059EDFC /* Service */ = {
			isa = PBXGroup;
			children = (
				31029F1C289FAA620059EDFC /* LocalStorageService.swift */,
				E0AA3B2B28DAE372006F7DA9 /* LandmarkDataService.swift */,
				31FAB98E28E0965C00FD718E /* ProfileService.swift */,
			);
			path = Service;
			sourceTree = "<group>";
		};
		31029F1E289FAA970059EDFC /* Common */ = {
			isa = PBXGroup;
			children = (
				31029F2A289FAB750059EDFC /* BaseProtocol */,
				31029F23289FAAE40059EDFC /* View */,
			);
			path = Common;
			sourceTree = "<group>";
		};
		31029F1F289FAAA00059EDFC /* App */ = {
			isa = PBXGroup;
			children = (
				E0924AD82876A283007B8F2D /* LandmarksApp.swift */,
				E0924ADC2876A285007B8F2D /* Assets.xcassets */,
			);
			path = App;
			sourceTree = "<group>";
		};
		31029F20289FAADA0059EDFC /* Model */ = {
			isa = PBXGroup;
			children = (
				31029F21289FAADA0059EDFC /* Landmark.swift */,
				310AF96928D74A7300C1DDBE /* Hike.swift */,
				E0AA3B2D28DB02BC006F7DA9 /* Profile.swift */,
			);
			path = Model;
			sourceTree = "<group>";
		};
		31029F23289FAAE40059EDFC /* View */ = {
			isa = PBXGroup;
			children = (
				E0924AE62876CA59007B8F2D /* CircleImage.swift */,
				E0924AE8287BDB7F007B8F2D /* MapView.swift */,
				3158D6C8289FB65D0088CA78 /* FavoriteButton.swift */,
				31F1D32928BFB08200751614 /* Badge */,
				31FAB99128E33DA400FD718E /* PageViewController.swift */,
			);
			path = View;
			sourceTree = "<group>";
		};
		31029F24289FAB3C0059EDFC /* Module */ = {
			isa = PBXGroup;
			children = (
				E0AA3B2F28DB0657006F7DA9 /* Profile */,
				E0AA3B2628DACB1B006F7DA9 /* Tab */,
				E0AA3B1D28D9B21B006F7DA9 /* CategoryHome */,
				31029F25289FAB430059EDFC /* LandmarkList */,
				3158D6C3289FB19E0088CA78 /* LandmarkDetail */,
				310AF97428D7525000C1DDBE /* Hikes */,
			);
			path = Module;
			sourceTree = "<group>";
		};
		31029F25289FAB430059EDFC /* LandmarkList */ = {
			isa = PBXGroup;
			children = (
				31029F28289FAB5E0059EDFC /* LandmarkListViewModel.swift */,
				31029F26289FAB540059EDFC /* LandmarkListView.swift */,
				31029F2D289FB0C50059EDFC /* LandmarkRow.swift */,
			);
			path = LandmarkList;
			sourceTree = "<group>";
		};
		31029F2A289FAB750059EDFC /* BaseProtocol */ = {
			isa = PBXGroup;
			children = (
				31029F2B289FAB7F0059EDFC /* ViewModel.swift */,
			);
			path = BaseProtocol;
			sourceTree = "<group>";
		};
		310AF97428D7525000C1DDBE /* Hikes */ = {
			isa = PBXGroup;
			children = (
				310AF97528D7525000C1DDBE /* GraphCapsule.swift */,
				310AF97628D7525000C1DDBE /* HikeGraph.swift */,
				310AF97728D7525000C1DDBE /* HikeDetail.swift */,
				310AF97828D7525000C1DDBE /* HikeView.swift */,
				E0AA3B1528D9990E006F7DA9 /* HikeViewModel.swift */,
			);
			path = Hikes;
			sourceTree = "<group>";
		};
		3158D6C0289FB1700088CA78 /* Resource */ = {
			isa = PBXGroup;
			children = (
				310AF96728D749D100C1DDBE /* hikeData.json */,
				3158D6C1289FB1850088CA78 /* landmarkData.json */,
			);
			path = Resource;
			sourceTree = "<group>";
		};
		3158D6C3289FB19E0088CA78 /* LandmarkDetail */ = {
			isa = PBXGroup;
			children = (
				3158D6C4289FB1AF0088CA78 /* LandmarkDetailViewModel.swift */,
				3158D6C6289FB20D0088CA78 /* LandmarkDetailView.swift */,
			);
			path = LandmarkDetail;
			sourceTree = "<group>";
		};
		31F1D32928BFB08200751614 /* Badge */ = {
			isa = PBXGroup;
			children = (
				31F1D32728BFAF2300751614 /* HexagonParameters.swift */,
				31F1D32A28BFB09600751614 /* BadgeBackground.swift */,
				310AF96128D624EA00C1DDBE /* BadgeSymbol.swift */,
				310AF96328D6295B00C1DDBE /* RotatedBadgeSymbol.swift */,
				310AF96528D62A0000C1DDBE /* Badge.swift */,
			);
			path = Badge;
			sourceTree = "<group>";
		};
		E0924ACC2876A283007B8F2D = {
			isa = PBXGroup;
			children = (
				E0924B0D287BFDB8007B8F2D /* README.md */,
				E0924AD72876A283007B8F2D /* Landmarks */,
				E0924B0A287BFDA4007B8F2D /* LICENSE */,
				E0924AD62876A283007B8F2D /* Products */,
			);
			sourceTree = "<group>";
		};
		E0924AD62876A283007B8F2D /* Products */ = {
			isa = PBXGroup;
			children = (
				E0924AD52876A283007B8F2D /* Landmarks.app */,
			);
			name = Products;
			sourceTree = "<group>";
		};
		E0924AD72876A283007B8F2D /* Landmarks */ = {
			isa = PBXGroup;
			children = (
				31029F1F289FAAA00059EDFC /* App */,
				3158D6C0289FB1700088CA78 /* Resource */,
				E0AA3B1728D99B70006F7DA9 /* Extension */,
				31029F1E289FAA970059EDFC /* Common */,
				31029F1B289FAA4E0059EDFC /* Service */,
				31029F24289FAB3C0059EDFC /* Module */,
				31029F20289FAADA0059EDFC /* Model */,
				E0924ADE2876A285007B8F2D /* Preview Content */,
			);
			path = Landmarks;
			sourceTree = "<group>";
		};
		E0924ADE2876A285007B8F2D /* Preview Content */ = {
			isa = PBXGroup;
			children = (
				E0924ADF2876A285007B8F2D /* Preview Assets.xcassets */,
			);
			path = "Preview Content";
			sourceTree = "<group>";
		};
		E0924B0A287BFDA4007B8F2D /* LICENSE */ = {
			isa = PBXGroup;
			children = (
				E0924B0B287BFDA4007B8F2D /* LICENSE.txt */,
			);
			path = LICENSE;
			sourceTree = "<group>";
		};
		E0AA3B1728D99B70006F7DA9 /* Extension */ = {
			isa = PBXGroup;
			children = (
				E0AA3B1828D99B7D006F7DA9 /* AnyTransition.swift */,
				E0AA3B1A28D99B9E006F7DA9 /* Animation.swift */,
			);
			path = Extension;
			sourceTree = "<group>";
		};
		E0AA3B1D28D9B21B006F7DA9 /* CategoryHome */ = {
			isa = PBXGroup;
			children = (
				E0AA3B1E28D9B234006F7DA9 /* CategoryHomeViewModel.swift */,
				E0AA3B2028D9B2A2006F7DA9 /* CategoryHomeView.swift */,
				E0AA3B2228DAA149006F7DA9 /* CategoryRow.swift */,
				E0AA3B2428DAA3A0006F7DA9 /* CategoryItem.swift */,
			);
			path = CategoryHome;
			sourceTree = "<group>";
		};
		E0AA3B2628DACB1B006F7DA9 /* Tab */ = {
			isa = PBXGroup;
			children = (
				E0AA3B2728DACB2B006F7DA9 /* MainTabViewModel.swift */,
				E0AA3B2928DACBAA006F7DA9 /* MainTabView.swift */,
			);
			path = Tab;
			sourceTree = "<group>";
		};
		E0AA3B2F28DB0657006F7DA9 /* Profile */ = {
			isa = PBXGroup;
			children = (
				E0AA3B3028DB0667006F7DA9 /* ProfileHostViewModel.swift */,
				E0AA3B3228DB06AA006F7DA9 /* ProfileHostView.swift */,
				E0AA3B3428DB0897006F7DA9 /* ProfileSummaryView.swift */,
				31FAB98C28E083C000FD718E /* ProfileEditorView.swift */,
				3100445328DB63D700E6C3F9 /* HikeBadgeView.swift */,
			);
			path = Profile;
			sourceTree = "<group>";
		};
/* End PBXGroup section */

/* Begin PBXNativeTarget section */
		E0924AD42876A283007B8F2D /* Landmarks */ = {
			isa = PBXNativeTarget;
			buildConfigurationList = E0924AE32876A285007B8F2D /* Build configuration list for PBXNativeTarget "Landmarks" */;
			buildPhases = (
				E0924AD12876A283007B8F2D /* Sources */,
				E0924AD22876A283007B8F2D /* Frameworks */,
				E0924AD32876A283007B8F2D /* Resources */,
			);
			buildRules = (
			);
			dependencies = (
			);
			name = Landmarks;
			productName = Landmarks;
			productReference = E0924AD52876A283007B8F2D /* Landmarks.app */;
			productType = "com.apple.product-type.application";
		};
/* End PBXNativeTarget section */

/* Begin PBXProject section */
		E0924ACD2876A283007B8F2D /* Project object */ = {
			isa = PBXProject;
			attributes = {
				BuildIndependentTargetsInParallel = 1;
				LastSwiftUpdateCheck = 1340;
				LastUpgradeCheck = 1340;
				TargetAttributes = {
					E0924AD42876A283007B8F2D = {
						CreatedOnToolsVersion = 13.4.1;
					};
				};
			};
			buildConfigurationList = E0924AD02876A283007B8F2D /* Build configuration list for PBXProject "Landmarks" */;
			compatibilityVersion = "Xcode 13.0";
			developmentRegion = en;
			hasScannedForEncodings = 0;
			knownRegions = (
				en,
				Base,
			);
			mainGroup = E0924ACC2876A283007B8F2D;
			productRefGroup = E0924AD62876A283007B8F2D /* Products */;
			projectDirPath = "";
			projectRoot = "";
			targets = (
				E0924AD42876A283007B8F2D /* Landmarks */,
			);
		};
/* End PBXProject section */

/* Begin PBXResourcesBuildPhase section */
		E0924AD32876A283007B8F2D /* Resources */ = {
			isa = PBXResourcesBuildPhase;
			buildActionMask = 2147483647;
			files = (
				E0924B0C287BFDA4007B8F2D /* LICENSE.txt in Resources */,
				E0924AE02876A285007B8F2D /* Preview Assets.xcassets in Resources */,
				E0924B0E287BFDB8007B8F2D /* README.md in Resources */,
				3158D6C2289FB1850088CA78 /* landmarkData.json in Resources */,
				310AF96828D749D100C1DDBE /* hikeData.json in Resources */,
				E0924ADD2876A285007B8F2D /* Assets.xcassets in Resources */,
			);
			runOnlyForDeploymentPostprocessing = 0;
		};
/* End PBXResourcesBuildPhase section */

/* Begin PBXSourcesBuildPhase section */
		E0924AD12876A283007B8F2D /* Sources */ = {
			isa = PBXSourcesBuildPhase;
			buildActionMask = 2147483647;
			files = (
				31029F29289FAB5E0059EDFC /* LandmarkListViewModel.swift in Sources */,
				E0AA3B1628D9990E006F7DA9 /* HikeViewModel.swift in Sources */,
				310AF96628D62A0000C1DDBE /* Badge.swift in Sources */,
				31029F2C289FAB7F0059EDFC /* ViewModel.swift in Sources */,
				E0AA3B2828DACB2B006F7DA9 /* MainTabViewModel.swift in Sources */,
				31FAB98F28E0965C00FD718E /* ProfileService.swift in Sources */,
				E0AA3B3528DB0897006F7DA9 /* ProfileSummaryView.swift in Sources */,
				3158D6C5289FB1AF0088CA78 /* LandmarkDetailViewModel.swift in Sources */,
				3158D6C9289FB65D0088CA78 /* FavoriteButton.swift in Sources */,
				E0924AE9287BDB7F007B8F2D /* MapView.swift in Sources */,
				310AF96A28D74A7300C1DDBE /* Hike.swift in Sources */,
				E0AA3B2C28DAE372006F7DA9 /* LandmarkDataService.swift in Sources */,
				E0924AD92876A283007B8F2D /* LandmarksApp.swift in Sources */,
				3100445428DB63D700E6C3F9 /* HikeBadgeView.swift in Sources */,
				31029F1D289FAA620059EDFC /* LocalStorageService.swift in Sources */,
				E0AA3B3328DB06AA006F7DA9 /* ProfileHostView.swift in Sources */,
				E0AA3B2A28DACBAA006F7DA9 /* MainTabView.swift in Sources */,
				E0924AE72876CA59007B8F2D /* CircleImage.swift in Sources */,
				310AF96228D624EA00C1DDBE /* BadgeSymbol.swift in Sources */,
				310AF97B28D7525000C1DDBE /* HikeDetail.swift in Sources */,
				31029F27289FAB540059EDFC /* LandmarkListView.swift in Sources */,
				310AF97C28D7525000C1DDBE /* HikeView.swift in Sources */,
				31F1D32B28BFB09600751614 /* BadgeBackground.swift in Sources */,
				E0AA3B2E28DB02BC006F7DA9 /* Profile.swift in Sources */,
				310AF97A28D7525000C1DDBE /* HikeGraph.swift in Sources */,
				E0AA3B1928D99B7D006F7DA9 /* AnyTransition.swift in Sources */,
				E0AA3B2328DAA149006F7DA9 /* CategoryRow.swift in Sources */,
				31FAB98D28E083C000FD718E /* ProfileEditorView.swift in Sources */,
				31F1D32828BFAF2300751614 /* HexagonParameters.swift in Sources */,
				31029F2E289FB0C50059EDFC /* LandmarkRow.swift in Sources */,
				31029F22289FAADA0059EDFC /* Landmark.swift in Sources */,
				31FAB99228E33DA400FD718E /* PageViewController.swift in Sources */,
				E0AA3B1F28D9B234006F7DA9 /* CategoryHomeViewModel.swift in Sources */,
				3158D6C7289FB20D0088CA78 /* LandmarkDetailView.swift in Sources */,
				E0AA3B2128D9B2A2006F7DA9 /* CategoryHomeView.swift in Sources */,
				310AF97928D7525000C1DDBE /* GraphCapsule.swift in Sources */,
				E0AA3B3128DB0667006F7DA9 /* ProfileHostViewModel.swift in Sources */,
				E0AA3B2528DAA3A0006F7DA9 /* CategoryItem.swift in Sources */,
				E0AA3B1B28D99B9E006F7DA9 /* Animation.swift in Sources */,
				310AF96428D6295B00C1DDBE /* RotatedBadgeSymbol.swift in Sources */,
			);
			runOnlyForDeploymentPostprocessing = 0;
		};
/* End PBXSourcesBuildPhase section */

/* Begin XCBuildConfiguration section */
		E0924AE12876A285007B8F2D /* Debug */ = {
			isa = XCBuildConfiguration;
			buildSettings = {
				ALWAYS_SEARCH_USER_PATHS = NO;
				CLANG_ANALYZER_NONNULL = YES;
				CLANG_ANALYZER_NUMBER_OBJECT_CONVERSION = YES_AGGRESSIVE;
				CLANG_CXX_LANGUAGE_STANDARD = "gnu++17";
				CLANG_ENABLE_MODULES = YES;
				CLANG_ENABLE_OBJC_ARC = YES;
				CLANG_ENABLE_OBJC_WEAK = YES;
				CLANG_WARN_BLOCK_CAPTURE_AUTORELEASING = YES;
				CLANG_WARN_BOOL_CONVERSION = YES;
				CLANG_WARN_COMMA = YES;
				CLANG_WARN_CONSTANT_CONVERSION = YES;
				CLANG_WARN_DEPRECATED_OBJC_IMPLEMENTATIONS = YES;
				CLANG_WARN_DIRECT_OBJC_ISA_USAGE = YES_ERROR;
				CLANG_WARN_DOCUMENTATION_COMMENTS = YES;
				CLANG_WARN_EMPTY_BODY = YES;
				CLANG_WARN_ENUM_CONVERSION = YES;
				CLANG_WARN_INFINITE_RECURSION = YES;
				CLANG_WARN_INT_CONVERSION = YES;
				CLANG_WARN_NON_LITERAL_NULL_CONVERSION = YES;
				CLANG_WARN_OBJC_IMPLICIT_RETAIN_SELF = YES;
				CLANG_WARN_OBJC_LITERAL_CONVERSION = YES;
				CLANG_WARN_OBJC_ROOT_CLASS = YES_ERROR;
				CLANG_WARN_QUOTED_INCLUDE_IN_FRAMEWORK_HEADER = YES;
				CLANG_WARN_RANGE_LOOP_ANALYSIS = YES;
				CLANG_WARN_STRICT_PROTOTYPES = YES;
				CLANG_WARN_SUSPICIOUS_MOVE = YES;
				CLANG_WARN_UNGUARDED_AVAILABILITY = YES_AGGRESSIVE;
				CLANG_WARN_UNREACHABLE_CODE = YES;
				CLANG_WARN__DUPLICATE_METHOD_MATCH = YES;
				COPY_PHASE_STRIP = NO;
				DEBUG_INFORMATION_FORMAT = dwarf;
				ENABLE_STRICT_OBJC_MSGSEND = YES;
				ENABLE_TESTABILITY = YES;
				GCC_C_LANGUAGE_STANDARD = gnu11;
				GCC_DYNAMIC_NO_PIC = NO;
				GCC_NO_COMMON_BLOCKS = YES;
				GCC_OPTIMIZATION_LEVEL = 0;
				GCC_PREPROCESSOR_DEFINITIONS = (
					"DEBUG=1",
					"$(inherited)",
				);
				GCC_WARN_64_TO_32_BIT_CONVERSION = YES;
				GCC_WARN_ABOUT_RETURN_TYPE = YES_ERROR;
				GCC_WARN_UNDECLARED_SELECTOR = YES;
				GCC_WARN_UNINITIALIZED_AUTOS = YES_AGGRESSIVE;
				GCC_WARN_UNUSED_FUNCTION = YES;
				GCC_WARN_UNUSED_VARIABLE = YES;
				IPHONEOS_DEPLOYMENT_TARGET = 15.5;
				MTL_ENABLE_DEBUG_INFO = INCLUDE_SOURCE;
				MTL_FAST_MATH = YES;
				ONLY_ACTIVE_ARCH = YES;
				SDKROOT = iphoneos;
				SWIFT_ACTIVE_COMPILATION_CONDITIONS = DEBUG;
				SWIFT_OPTIMIZATION_LEVEL = "-Onone";
			};
			name = Debug;
		};
		E0924AE22876A285007B8F2D /* Release */ = {
			isa = XCBuildConfiguration;
			buildSettings = {
				ALWAYS_SEARCH_USER_PATHS = NO;
				CLANG_ANALYZER_NONNULL = YES;
				CLANG_ANALYZER_NUMBER_OBJECT_CONVERSION = YES_AGGRESSIVE;
				CLANG_CXX_LANGUAGE_STANDARD = "gnu++17";
				CLANG_ENABLE_MODULES = YES;
				CLANG_ENABLE_OBJC_ARC = YES;
				CLANG_ENABLE_OBJC_WEAK = YES;
				CLANG_WARN_BLOCK_CAPTURE_AUTORELEASING = YES;
				CLANG_WARN_BOOL_CONVERSION = YES;
				CLANG_WARN_COMMA = YES;
				CLANG_WARN_CONSTANT_CONVERSION = YES;
				CLANG_WARN_DEPRECATED_OBJC_IMPLEMENTATIONS = YES;
				CLANG_WARN_DIRECT_OBJC_ISA_USAGE = YES_ERROR;
				CLANG_WARN_DOCUMENTATION_COMMENTS = YES;
				CLANG_WARN_EMPTY_BODY = YES;
				CLANG_WARN_ENUM_CONVERSION = YES;
				CLANG_WARN_INFINITE_RECURSION = YES;
				CLANG_WARN_INT_CONVERSION = YES;
				CLANG_WARN_NON_LITERAL_NULL_CONVERSION = YES;
				CLANG_WARN_OBJC_IMPLICIT_RETAIN_SELF = YES;
				CLANG_WARN_OBJC_LITERAL_CONVERSION = YES;
				CLANG_WARN_OBJC_ROOT_CLASS = YES_ERROR;
				CLANG_WARN_QUOTED_INCLUDE_IN_FRAMEWORK_HEADER = YES;
				CLANG_WARN_RANGE_LOOP_ANALYSIS = YES;
				CLANG_WARN_STRICT_PROTOTYPES = YES;
				CLANG_WARN_SUSPICIOUS_MOVE = YES;
				CLANG_WARN_UNGUARDED_AVAILABILITY = YES_AGGRESSIVE;
				CLANG_WARN_UNREACHABLE_CODE = YES;
				CLANG_WARN__DUPLICATE_METHOD_MATCH = YES;
				COPY_PHASE_STRIP = NO;
				DEBUG_INFORMATION_FORMAT = "dwarf-with-dsym";
				ENABLE_NS_ASSERTIONS = NO;
				ENABLE_STRICT_OBJC_MSGSEND = YES;
				GCC_C_LANGUAGE_STANDARD = gnu11;
				GCC_NO_COMMON_BLOCKS = YES;
				GCC_WARN_64_TO_32_BIT_CONVERSION = YES;
				GCC_WARN_ABOUT_RETURN_TYPE = YES_ERROR;
				GCC_WARN_UNDECLARED_SELECTOR = YES;
				GCC_WARN_UNINITIALIZED_AUTOS = YES_AGGRESSIVE;
				GCC_WARN_UNUSED_FUNCTION = YES;
				GCC_WARN_UNUSED_VARIABLE = YES;
				IPHONEOS_DEPLOYMENT_TARGET = 15.5;
				MTL_ENABLE_DEBUG_INFO = NO;
				MTL_FAST_MATH = YES;
				SDKROOT = iphoneos;
				SWIFT_COMPILATION_MODE = wholemodule;
				SWIFT_OPTIMIZATION_LEVEL = "-O";
				VALIDATE_PRODUCT = YES;
			};
			name = Release;
		};
		E0924AE42876A285007B8F2D /* Debug */ = {
			isa = XCBuildConfiguration;
			buildSettings = {
				ASSETCATALOG_COMPILER_APPICON_NAME = AppIcon;
				ASSETCATALOG_COMPILER_GLOBAL_ACCENT_COLOR_NAME = AccentColor;
				CODE_SIGN_STYLE = Automatic;
				CURRENT_PROJECT_VERSION = 1;
				DEVELOPMENT_ASSET_PATHS = "\"Landmarks/Preview Content\"";
				DEVELOPMENT_TEAM = KV6282V296;
				ENABLE_PREVIEWS = YES;
				GENERATE_INFOPLIST_FILE = YES;
				INFOPLIST_KEY_UIApplicationSceneManifest_Generation = YES;
				INFOPLIST_KEY_UIApplicationSupportsIndirectInputEvents = YES;
				INFOPLIST_KEY_UILaunchScreen_Generation = YES;
				INFOPLIST_KEY_UISupportedInterfaceOrientations_iPad = "UIInterfaceOrientationPortrait UIInterfaceOrientationPortraitUpsideDown UIInterfaceOrientationLandscapeLeft UIInterfaceOrientationLandscapeRight";
				INFOPLIST_KEY_UISupportedInterfaceOrientations_iPhone = "UIInterfaceOrientationPortrait UIInterfaceOrientationLandscapeLeft UIInterfaceOrientationLandscapeRight";
				IPHONEOS_DEPLOYMENT_TARGET = 15.0;
				LD_RUNPATH_SEARCH_PATHS = (
					"$(inherited)",
					"@executable_path/Frameworks",
				);
				MARKETING_VERSION = 1.0;
				PRODUCT_BUNDLE_IDENTIFIER = com.didwndckd.Landmarks;
				PRODUCT_NAME = "$(TARGET_NAME)";
				SWIFT_EMIT_LOC_STRINGS = YES;
				SWIFT_VERSION = 5.0;
				TARGETED_DEVICE_FAMILY = "1,2";
			};
			name = Debug;
		};
		E0924AE52876A285007B8F2D /* Release */ = {
			isa = XCBuildConfiguration;
			buildSettings = {
				ASSETCATALOG_COMPILER_APPICON_NAME = AppIcon;
				ASSETCATALOG_COMPILER_GLOBAL_ACCENT_COLOR_NAME = AccentColor;
				CODE_SIGN_STYLE = Automatic;
				CURRENT_PROJECT_VERSION = 1;
				DEVELOPMENT_ASSET_PATHS = "\"Landmarks/Preview Content\"";
				DEVELOPMENT_TEAM = KV6282V296;
				ENABLE_PREVIEWS = YES;
				GENERATE_INFOPLIST_FILE = YES;
				INFOPLIST_KEY_UIApplicationSceneManifest_Generation = YES;
				INFOPLIST_KEY_UIApplicationSupportsIndirectInputEvents = YES;
				INFOPLIST_KEY_UILaunchScreen_Generation = YES;
				INFOPLIST_KEY_UISupportedInterfaceOrientations_iPad = "UIInterfaceOrientationPortrait UIInterfaceOrientationPortraitUpsideDown UIInterfaceOrientationLandscapeLeft UIInterfaceOrientationLandscapeRight";
				INFOPLIST_KEY_UISupportedInterfaceOrientations_iPhone = "UIInterfaceOrientationPortrait UIInterfaceOrientationLandscapeLeft UIInterfaceOrientationLandscapeRight";
				IPHONEOS_DEPLOYMENT_TARGET = 15.0;
				LD_RUNPATH_SEARCH_PATHS = (
					"$(inherited)",
					"@executable_path/Frameworks",
				);
				MARKETING_VERSION = 1.0;
				PRODUCT_BUNDLE_IDENTIFIER = com.didwndckd.Landmarks;
				PRODUCT_NAME = "$(TARGET_NAME)";
				SWIFT_EMIT_LOC_STRINGS = YES;
				SWIFT_VERSION = 5.0;
				TARGETED_DEVICE_FAMILY = "1,2";
			};
			name = Release;
		};
/* End XCBuildConfiguration section */

/* Begin XCConfigurationList section */
		E0924AD02876A283007B8F2D /* Build configuration list for PBXProject "Landmarks" */ = {
			isa = XCConfigurationList;
			buildConfigurations = (
				E0924AE12876A285007B8F2D /* Debug */,
				E0924AE22876A285007B8F2D /* Release */,
			);
			defaultConfigurationIsVisible = 0;
			defaultConfigurationName = Release;
		};
		E0924AE32876A285007B8F2D /* Build configuration list for PBXNativeTarget "Landmarks" */ = {
			isa = XCConfigurationList;
			buildConfigurations = (
				E0924AE42876A285007B8F2D /* Debug */,
				E0924AE52876A285007B8F2D /* Release */,
			);
			defaultConfigurationIsVisible = 0;
			defaultConfigurationName = Release;
		};
/* End XCConfigurationList section */
	};
	rootObject = E0924ACD2876A283007B8F2D /* Project object */;
}
